
Microsoft Visual Studio Solution File, Format Version 12.00
# Visual Studio Version 16
VisualStudioVersion = 16.0.31410.357
MinimumVisualStudioVersion = 10.0.40219.1
Project("{9A19103F-16F7-4668-BE54-9A1E7A4F7556}") = "EfDemo", "EfDemo.csproj", "{BD86AEE4-8788-4440-A7CF-37257E366633}"
EndProject
Global
	GlobalSection(SolutionConfigurationPlatforms) = preSolution
		Debug|Any CPU = Debug|Any CPU
		Release|Any CPU = Release|Any CPU
	EndGlobalSection
	GlobalSection(ProjectConfigurationPlatforms) = postSolution
		{BD86AEE4-8788-4440-A7CF-37257E366633}.Debug|Any CPU.ActiveCfg = Debug|Any CPU
		{BD86AEE4-8788-4440-A7CF-37257E366633}.Debug|Any CPU.Build.0 = Debug|Any CPU
		{BD86AEE4-8788-4440-A7CF-37257E366633}.Release|Any CPU.ActiveCfg = Release|Any CPU
		{BD86AEE4-8788-4440-A7CF-37257E366633}.Release|Any CPU.Build.0 = Release|Any CPU
	EndGlobalSection
	GlobalSection(SolutionProperties) = preSolution
		HideSolutionNode = FALSE
	EndGlobalSection
	GlobalSection(ExtensibilityGlobals) = postSolution
		SolutionGuid = {2D7EA08E-78B8-4714-845F-862A122C9E33}
	EndGlobalSection
EndGlobal
